{
  "nodes": {
    "nix-vscode-extensions": {
      "inputs": {
        "nixpkgs": [
          "nixpkgs"
        ]
      },
      "locked": {
        "lastModified": 1770951221,
        "narHash": "sha256-poqrnihpWsPUuAKddkbNODdt0mukWY1I6r4RjhlGCEo=",
        "owner": "nix-community",
        "repo": "nix-vscode-extensions",
        "rev": "2620f6e83499fa9b5cf08029bb5e7918da1af7fc",
        "type": "github"
      },
      "original": {
        "owner": "nix-community",
        "repo": "nix-vscode-extensions",
        "type": "github"
      }
    },
    "nixpkgs": {
      "locked": {
        "lastModified": 1770841267,
        "narHash": "sha256-9xejG0KoqsoKEGp2kVbXRlEYtFFcDTHjidiuX8hGO44=",
        "owner": "NixOS",
        "repo": "nixpkgs",
        "rev": "ec7c70d12ce2fc37cb92aff673dcdca89d187bae",
        "type": "github"
      },
      "original": {
        "owner": "NixOS",
        "ref": "nixos-unstable",
        "repo": "nixpkgs",
        "type": "github"
      }
    },
    "root": {
      "inputs": {
        "nix-vscode-extensions": "nix-vscode-extensions",
        "nixpkgs": "nixpkgs"
      }
    }
  },
  "root": "root",
  "version": 7
}
